
Microsoft Visual Studio Solution File, Format Version 11.00
# Visual Studio 2010
Project("{FAE04EC0-301F-11D3-BF4B-00C04F79EFBC}") = "Zenject", "Zenject.csproj", "{f57a5fb5-3747-e541-92d8-7fc3fe9d1109}"
EndProject
Project("{FAE04EC0-301F-11D3-BF4B-00C04F79EFBC}") = "Gamelib.ScreenManager.Runtime", "Gamelib.ScreenManager.Runtime.csproj", "{29991f45-8465-5676-fd6a-ccb78b6a4f18}"
EndProject
Project("{FAE04EC0-301F-11D3-BF4B-00C04F79EFBC}") = "Zenject-IntegrationTests", "Zenject-IntegrationTests.csproj", "{89455b8b-b234-61a7-e240-1e775061ab10}"
EndProject
Project("{FAE04EC0-301F-11D3-BF4B-00C04F79EFBC}") = "Zenject-IntegrationTests-Editor", "Zenject-IntegrationTests-Editor.csproj", "{9f3627c2-1642-a393-eee0-c03d94ae0d3a}"
EndProject
Project("{FAE04EC0-301F-11D3-BF4B-00C04F79EFBC}") = "Assembly-CSharp", "Assembly-CSharp.csproj", "{2591c80e-3cb0-6c86-7f81-a2e55705e337}"
EndProject
Project("{FAE04EC0-301F-11D3-BF4B-00C04F79EFBC}") = "Code.Core", "Code.Core.csproj", "{3ce1bde1-85d4-15e5-0953-5f7eaab32f8e}"
EndProject
Project("{FAE04EC0-301F-11D3-BF4B-00C04F79EFBC}") = "GameLib.ObjectPool.Runtime", "GameLib.ObjectPool.Runtime.csproj", "{5043f9d8-a4a7-27d6-e5fa-83df5c662b51}"
EndProject
Project("{FAE04EC0-301F-11D3-BF4B-00C04F79EFBC}") = "Zenject-PoolMonitor-Editor", "Zenject-PoolMonitor-Editor.csproj", "{e5918106-a852-180d-51da-509668f8e1db}"
EndProject
Project("{FAE04EC0-301F-11D3-BF4B-00C04F79EFBC}") = "Zenject-UnitTests-Editor", "Zenject-UnitTests-Editor.csproj", "{91c39c19-cf15-e94d-caab-0836c4726bd4}"
EndProject
Project("{FAE04EC0-301F-11D3-BF4B-00C04F79EFBC}") = "Zenject-ReflectionBaking-Editor", "Zenject-ReflectionBaking-Editor.csproj", "{1c6f908a-692d-df1d-dea0-e42d78966b67}"
EndProject
Project("{FAE04EC0-301F-11D3-BF4B-00C04F79EFBC}") = "Zenject-TestFramework", "Zenject-TestFramework.csproj", "{8dc2774f-2894-b037-5a00-a672edd95d4d}"
EndProject
Project("{FAE04EC0-301F-11D3-BF4B-00C04F79EFBC}") = "Zenject-Editor", "Zenject-Editor.csproj", "{ad09505d-27b7-21ed-52ea-28e7747a1131}"
EndProject
Project("{FAE04EC0-301F-11D3-BF4B-00C04F79EFBC}") = "Assembly-CSharp-firstpass", "Assembly-CSharp-firstpass.csproj", "{48d2b1b1-5674-8978-f96a-4ee80b22ff51}"
EndProject
Global
	GlobalSection(SolutionConfigurationPlatforms) = preSolution
		Debug|Any CPU = Debug|Any CPU
	EndGlobalSection
	GlobalSection(ProjectConfigurationPlatforms) = postSolution
		{f57a5fb5-3747-e541-92d8-7fc3fe9d1109}.Debug|Any CPU.ActiveCfg = Debug|Any CPU
		{f57a5fb5-3747-e541-92d8-7fc3fe9d1109}.Debug|Any CPU.Build.0 = Debug|Any CPU
		{29991f45-8465-5676-fd6a-ccb78b6a4f18}.Debug|Any CPU.ActiveCfg = Debug|Any CPU
		{29991f45-8465-5676-fd6a-ccb78b6a4f18}.Debug|Any CPU.Build.0 = Debug|Any CPU
		{89455b8b-b234-61a7-e240-1e775061ab10}.Debug|Any CPU.ActiveCfg = Debug|Any CPU
		{89455b8b-b234-61a7-e240-1e775061ab10}.Debug|Any CPU.Build.0 = Debug|Any CPU
		{9f3627c2-1642-a393-eee0-c03d94ae0d3a}.Debug|Any CPU.ActiveCfg = Debug|Any CPU
		{9f3627c2-1642-a393-eee0-c03d94ae0d3a}.Debug|Any CPU.Build.0 = Debug|Any CPU
		{2591c80e-3cb0-6c86-7f81-a2e55705e337}.Debug|Any CPU.ActiveCfg = Debug|Any CPU
		{2591c80e-3cb0-6c86-7f81-a2e55705e337}.Debug|Any CPU.Build.0 = Debug|Any CPU
		{3ce1bde1-85d4-15e5-0953-5f7eaab32f8e}.Debug|Any CPU.ActiveCfg = Debug|Any CPU
		{3ce1bde1-85d4-15e5-0953-5f7eaab32f8e}.Debug|Any CPU.Build.0 = Debug|Any CPU
		{5043f9d8-a4a7-27d6-e5fa-83df5c662b51}.Debug|Any CPU.ActiveCfg = Debug|Any CPU
		{5043f9d8-a4a7-27d6-e5fa-83df5c662b51}.Debug|Any CPU.Build.0 = Debug|Any CPU
		{e5918106-a852-180d-51da-509668f8e1db}.Debug|Any CPU.ActiveCfg = Debug|Any CPU
		{e5918106-a852-180d-51da-509668f8e1db}.Debug|Any CPU.Build.0 = Debug|Any CPU
		{91c39c19-cf15-e94d-caab-0836c4726bd4}.Debug|Any CPU.ActiveCfg = Debug|Any CPU
		{91c39c19-cf15-e94d-caab-0836c4726bd4}.Debug|Any CPU.Build.0 = Debug|Any CPU
		{1c6f908a-692d-df1d-dea0-e42d78966b67}.Debug|Any CPU.ActiveCfg = Debug|Any CPU
		{1c6f908a-692d-df1d-dea0-e42d78966b67}.Debug|Any CPU.Build.0 = Debug|Any CPU
		{8dc2774f-2894-b037-5a00-a672edd95d4d}.Debug|Any CPU.ActiveCfg = Debug|Any CPU
		{8dc2774f-2894-b037-5a00-a672edd95d4d}.Debug|Any CPU.Build.0 = Debug|Any CPU
		{ad09505d-27b7-21ed-52ea-28e7747a1131}.Debug|Any CPU.ActiveCfg = Debug|Any CPU
		{ad09505d-27b7-21ed-52ea-28e7747a1131}.Debug|Any CPU.Build.0 = Debug|Any CPU
		{48d2b1b1-5674-8978-f96a-4ee80b22ff51}.Debug|Any CPU.ActiveCfg = Debug|Any CPU
		{48d2b1b1-5674-8978-f96a-4ee80b22ff51}.Debug|Any CPU.Build.0 = Debug|Any CPU
	EndGlobalSection
	GlobalSection(SolutionProperties) = preSolution
		HideSolutionNode = FALSE
	EndGlobalSection
EndGlobal
